schema: '2.0'
stages:
  package_legacy:
    cmd: python -m fashion_seg.package_legacy
    deps:
    - path: data/imaterialist/label_descriptions.json
      hash: md5
      md5: d8479cd45c24bbd73285daa5a924777d
      size: 39023
    - path: deployement
      hash: md5
      md5: d2814262190bed9dfca1b3ab6b925c2c.dir
      size: 265710486
      nfiles: 4
    - path: packages/core/src/fashion_seg_core
      hash: md5
      md5: 59de9d974e396c0aca305980d1486661.dir
      size: 4545
      nfiles: 5
    - path: src/fashion_seg
      hash: md5
      md5: 06633221bfc460a1d3193ae5698b3902.dir
      size: 20231
      nfiles: 7
    params:
      params.yaml:
        legacy_model:
          saved_model_dir: deployement
          label_file: data/imaterialist/label_descriptions.json
          output_dir: models/fashion-maskrcnn
          experiment: fashion-maskrcnn
          registered_name: fashion-maskrcnn
    outs:
    - path: models/fashion-maskrcnn
      hash: md5
      md5: b68a096810d754f52f2998f48ded52b7.dir
      size: 266098831
      nfiles: 28
  prepare:
    cmd: python -m fashion_seg.prepare
    deps:
    - path: data/imaterialist/train.csv
      hash: md5
      md5: 7eaec314eed2d95c363ecb81f4475bb6
      size: 1437924420
    - path: packages/core/src/fashion_seg_core/annotations.py
      hash: md5
      md5: 47623ca9bf6e998098bc12d3ebfe1f8a
      size: 1756
    - path: src/fashion_seg/prepare.py
      hash: md5
      md5: 8f3b5de3424d81dcaa3a4bdae5a81c28
      size: 2177
    params:
      params.yaml:
        data.prepared_dir: prepared
        data.train_csv: data/imaterialist/train.csv
        split:
          n_folds: 8
          fold: 0
          seed: 42
    outs:
    - path: prepared
      hash: md5
      md5: 76118b5ad7a332de8272685e4f64fc71.dir
      size: 968504286
      nfiles: 2
