schema: '2.0'
stages:
  package_legacy:
    cmd: python -m fashion_seg.package_legacy
    deps:
    - path: data/imaterialist/label_descriptions.json
      hash: md5
      md5: d8479cd45c24bbd73285daa5a924777d
      size: 39023
    - path: deployement
      hash: md5
      md5: d2814262190bed9dfca1b3ab6b925c2c.dir
      size: 265710486
      nfiles: 4
    - path: src/fashion_seg
      hash: md5
      md5: 9a33105433a604f3078508cd1186a1ed.dir
      size: 19639
      nfiles: 9
    params:
      params.yaml:
        legacy_model:
          saved_model_dir: deployement
          label_file: data/imaterialist/label_descriptions.json
          output_dir: models/fashion-maskrcnn
          experiment: fashion-maskrcnn
          registered_name: fashion-maskrcnn
    outs:
    - path: models/fashion-maskrcnn
      hash: md5
      md5: ff7fdfef693b5e5446a26782506e5ca6.dir
      size: 266078847
      nfiles: 25
